
Microsoft Visual Studio Solution File, Format Version 12.00
# Visual Studio 15
VisualStudioVersion = 15.0.27428.2037
MinimumVisualStudioVersion = 10.0.40219.1
Project("{FAE04EC0-301F-11D3-BF4B-00C04F79EFBC}") = "unit 35 assignment 2", "unit 35 assignment 2\unit 35 assignment 2.csproj", "{DEE55D54-976A-4768-BB3B-5717EF9FC4D2}"
EndProject
Global
	GlobalSection(SolutionConfigurationPlatforms) = preSolution
		Debug|Any CPU = Debug|Any CPU
		Release|Any CPU = Release|Any CPU
	EndGlobalSection
	GlobalSection(ProjectConfigurationPlatforms) = postSolution
		{DEE55D54-976A-4768-BB3B-5717EF9FC4D2}.Debug|Any CPU.ActiveCfg = Debug|Any CPU
		{DEE55D54-976A-4768-BB3B-5717EF9FC4D2}.Debug|Any CPU.Build.0 = Debug|Any CPU
		{DEE55D54-976A-4768-BB3B-5717EF9FC4D2}.Release|Any CPU.ActiveCfg = Release|Any CPU
		{DEE55D54-976A-4768-BB3B-5717EF9FC4D2}.Release|Any CPU.Build.0 = Release|Any CPU
	EndGlobalSection
	GlobalSection(SolutionProperties) = preSolution
		HideSolutionNode = FALSE
	EndGlobalSection
	GlobalSection(ExtensibilityGlobals) = postSolution
		SolutionGuid = {34A94F84-825B-4400-A81B-79F64E8AAB66}
	EndGlobalSection
EndGlobal
